
Microsoft Visual Studio Solution File, Format Version 12.00
# Visual Studio 15
VisualStudioVersion = 15.0.28307.705
MinimumVisualStudioVersion = 10.0.40219.1
Project("{FAE04EC0-301F-11D3-BF4B-00C04F79EFBC}") = "AdventureOfKeven", "AdventureOfKeven\AdventureOfKeven.csproj", "{1A5420A9-73F8-44C0-A351-C85E463E2567}"
EndProject
Project("{FAE04EC0-301F-11D3-BF4B-00C04F79EFBC}") = "Engine", "Engine\Engine.csproj", "{24064E28-7499-457B-94AA-C0799C57696B}"
EndProject
Global
	GlobalSection(SolutionConfigurationPlatforms) = preSolution
		Debug|Any CPU = Debug|Any CPU
		Release|Any CPU = Release|Any CPU
	EndGlobalSection
	GlobalSection(ProjectConfigurationPlatforms) = postSolution
		{1A5420A9-73F8-44C0-A351-C85E463E2567}.Debug|Any CPU.ActiveCfg = Debug|Any CPU
		{1A5420A9-73F8-44C0-A351-C85E463E2567}.Debug|Any CPU.Build.0 = Debug|Any CPU
		{1A5420A9-73F8-44C0-A351-C85E463E2567}.Release|Any CPU.ActiveCfg = Release|Any CPU
		{1A5420A9-73F8-44C0-A351-C85E463E2567}.Release|Any CPU.Build.0 = Release|Any CPU
		{24064E28-7499-457B-94AA-C0799C57696B}.Debug|Any CPU.ActiveCfg = Debug|Any CPU
		{24064E28-7499-457B-94AA-C0799C57696B}.Debug|Any CPU.Build.0 = Debug|Any CPU
		{24064E28-7499-457B-94AA-C0799C57696B}.Release|Any CPU.ActiveCfg = Release|Any CPU
		{24064E28-7499-457B-94AA-C0799C57696B}.Release|Any CPU.Build.0 = Release|Any CPU
	EndGlobalSection
	GlobalSection(SolutionProperties) = preSolution
		HideSolutionNode = FALSE
	EndGlobalSection
	GlobalSection(ExtensibilityGlobals) = postSolution
		SolutionGuid = {067CB9D6-D7DC-4469-A353-42C69DFC1491}
	EndGlobalSection
EndGlobal
